// !$*UTF8*$!
{
	archiveVersion = 1;
	classes = {
	};
	objectVersion = 56;
	objects = {

/* Begin PBXBuildFile section */
		67309232BD05DCC74F02763D /* Pods_SimpleUnsplashClient.framework in Frameworks */ = {isa = PBXBuildFile; fileRef = CE443BDDF3882FC1563B49EB /* Pods_SimpleUnsplashClient.framework */; };
		F611F79F2A7A0F7100114865 /* ImageDetailInteractor.swift in Sources */ = {isa = PBXBuildFile; fileRef = F611F79E2A7A0F7100114865 /* ImageDetailInteractor.swift */; };
		F611F7A12A7A0F9500114865 /* ImageDetailPresenter.swift in Sources */ = {isa = PBXBuildFile; fileRef = F611F7A02A7A0F9500114865 /* ImageDetailPresenter.swift */; };
		F611F7A32A7A0FB300114865 /* ImageDetailBuilder.swift in Sources */ = {isa = PBXBuildFile; fileRef = F611F7A22A7A0FB300114865 /* ImageDetailBuilder.swift */; };
		F611F7A72A7A0FDA00114865 /* ImageDetailRouter.swift in Sources */ = {isa = PBXBuildFile; fileRef = F611F7A62A7A0FDA00114865 /* ImageDetailRouter.swift */; };
		F611F7A92A7A102E00114865 /* ImageCollectionInteractor.swift in Sources */ = {isa = PBXBuildFile; fileRef = F611F7A82A7A102E00114865 /* ImageCollectionInteractor.swift */; };
		F611F7AB2A7A103D00114865 /* ImageCollectionPresenter.swift in Sources */ = {isa = PBXBuildFile; fileRef = F611F7AA2A7A103D00114865 /* ImageCollectionPresenter.swift */; };
		F611F7AD2A7A104900114865 /* ImageCollectionBuilder.swift in Sources */ = {isa = PBXBuildFile; fileRef = F611F7AC2A7A104900114865 /* ImageCollectionBuilder.swift */; };
		F611F7AF2A7A105300114865 /* ImageCollectionRouter.swift in Sources */ = {isa = PBXBuildFile; fileRef = F611F7AE2A7A105300114865 /* ImageCollectionRouter.swift */; };
		F611F7B12A7A1F0B00114865 /* ImageItemModel.swift in Sources */ = {isa = PBXBuildFile; fileRef = F611F7B02A7A1F0B00114865 /* ImageItemModel.swift */; };
		F611F7B72A7A314F00114865 /* CollectionVC_old.swift in Sources */ = {isa = PBXBuildFile; fileRef = F611F7B62A7A314F00114865 /* CollectionVC_old.swift */; };
		F68FC32A2A56A1BF007A08EF /* Extensions.swift in Sources */ = {isa = PBXBuildFile; fileRef = F68FC3292A56A1BF007A08EF /* Extensions.swift */; };
		F68FC32E2A56A414007A08EF /* ImageDetailVC.swift in Sources */ = {isa = PBXBuildFile; fileRef = F68FC32D2A56A414007A08EF /* ImageDetailVC.swift */; };
		F68FC3302A56A692007A08EF /* ImageListRepository.swift in Sources */ = {isa = PBXBuildFile; fileRef = F68FC32F2A56A692007A08EF /* ImageListRepository.swift */; };
		F68FC3342A56DA02007A08EF /* ImageListLocalDataSource.swift in Sources */ = {isa = PBXBuildFile; fileRef = F68FC3332A56DA02007A08EF /* ImageListLocalDataSource.swift */; };
		F68FC3362A5728CF007A08EF /* Spinner.swift in Sources */ = {isa = PBXBuildFile; fileRef = F68FC3352A5728CF007A08EF /* Spinner.swift */; };
		F69DE8EB2A56922A00B8B11E /* AppDelegate.swift in Sources */ = {isa = PBXBuildFile; fileRef = F69DE8EA2A56922A00B8B11E /* AppDelegate.swift */; };
		F69DE8ED2A56922A00B8B11E /* SceneDelegate.swift in Sources */ = {isa = PBXBuildFile; fileRef = F69DE8EC2A56922A00B8B11E /* SceneDelegate.swift */; };
		F69DE8F22A56922A00B8B11E /* Main.storyboard in Resources */ = {isa = PBXBuildFile; fileRef = F69DE8F02A56922A00B8B11E /* Main.storyboard */; };
		F69DE8F42A56922C00B8B11E /* Assets.xcassets in Resources */ = {isa = PBXBuildFile; fileRef = F69DE8F32A56922C00B8B11E /* Assets.xcassets */; };
		F69DE8F72A56922C00B8B11E /* LaunchScreen.storyboard in Resources */ = {isa = PBXBuildFile; fileRef = F69DE8F52A56922C00B8B11E /* LaunchScreen.storyboard */; };
		F69DE9042A56938C00B8B11E /* ImageCollectionVC.swift in Sources */ = {isa = PBXBuildFile; fileRef = F69DE9032A56938C00B8B11E /* ImageCollectionVC.swift */; };
		F69DE9092A5693F500B8B11E /* ImageCollectionCell.swift in Sources */ = {isa = PBXBuildFile; fileRef = F69DE9072A5693F500B8B11E /* ImageCollectionCell.swift */; };
		F69DE90A2A5693F500B8B11E /* ImageCollectionCell.xib in Resources */ = {isa = PBXBuildFile; fileRef = F69DE9082A5693F500B8B11E /* ImageCollectionCell.xib */; };
		F69DE90C2A5698D800B8B11E /* ImageMetadata.swift in Sources */ = {isa = PBXBuildFile; fileRef = F69DE90B2A5698D800B8B11E /* ImageMetadata.swift */; };
		F69DE90E2A569CA500B8B11E /* ImageMetadataDTO.swift in Sources */ = {isa = PBXBuildFile; fileRef = F69DE90D2A569CA500B8B11E /* ImageMetadataDTO.swift */; };
		F69DE9112A569DD900B8B11E /* ImageListRemoteDataSource.swift in Sources */ = {isa = PBXBuildFile; fileRef = F69DE9102A569DD900B8B11E /* ImageListRemoteDataSource.swift */; };
		F6F13CFA2A77D9D000B2F23B /* APIClient.swift in Sources */ = {isa = PBXBuildFile; fileRef = F6F13CF92A77D9D000B2F23B /* APIClient.swift */; };
/* End PBXBuildFile section */

/* Begin PBXFileReference section */
		94B1C2B9B8B53FB5A8D68811 /* Pods-SimpleUnsplashClient.debug.xcconfig */ = {isa = PBXFileReference; includeInIndex = 1; lastKnownFileType = text.xcconfig; name = "Pods-SimpleUnsplashClient.debug.xcconfig"; path = "Target Support Files/Pods-SimpleUnsplashClient/Pods-SimpleUnsplashClient.debug.xcconfig"; sourceTree = "<group>"; };
		CB11822DF9585F75B2DF4F5E /* Pods-SimpleUnsplashClient.release.xcconfig */ = {isa = PBXFileReference; includeInIndex = 1; lastKnownFileType = text.xcconfig; name = "Pods-SimpleUnsplashClient.release.xcconfig"; path = "Target Support Files/Pods-SimpleUnsplashClient/Pods-SimpleUnsplashClient.release.xcconfig"; sourceTree = "<group>"; };
		CE443BDDF3882FC1563B49EB /* Pods_SimpleUnsplashClient.framework */ = {isa = PBXFileReference; explicitFileType = wrapper.framework; includeInIndex = 0; path = Pods_SimpleUnsplashClient.framework; sourceTree = BUILT_PRODUCTS_DIR; };
		F611F79E2A7A0F7100114865 /* ImageDetailInteractor.swift */ = {isa = PBXFileReference; lastKnownFileType = sourcecode.swift; path = ImageDetailInteractor.swift; sourceTree = "<group>"; };
		F611F7A02A7A0F9500114865 /* ImageDetailPresenter.swift */ = {isa = PBXFileReference; lastKnownFileType = sourcecode.swift; path = ImageDetailPresenter.swift; sourceTree = "<group>"; };
		F611F7A22A7A0FB300114865 /* ImageDetailBuilder.swift */ = {isa = PBXFileReference; lastKnownFileType = sourcecode.swift; path = ImageDetailBuilder.swift; sourceTree = "<group>"; };
		F611F7A62A7A0FDA00114865 /* ImageDetailRouter.swift */ = {isa = PBXFileReference; lastKnownFileType = sourcecode.swift; path = ImageDetailRouter.swift; sourceTree = "<group>"; };
		F611F7A82A7A102E00114865 /* ImageCollectionInteractor.swift */ = {isa = PBXFileReference; lastKnownFileType = sourcecode.swift; path = ImageCollectionInteractor.swift; sourceTree = "<group>"; };
		F611F7AA2A7A103D00114865 /* ImageCollectionPresenter.swift */ = {isa = PBXFileReference; lastKnownFileType = sourcecode.swift; path = ImageCollectionPresenter.swift; sourceTree = "<group>"; };
		F611F7AC2A7A104900114865 /* ImageCollectionBuilder.swift */ = {isa = PBXFileReference; lastKnownFileType = sourcecode.swift; path = ImageCollectionBuilder.swift; sourceTree = "<group>"; };
		F611F7AE2A7A105300114865 /* ImageCollectionRouter.swift */ = {isa = PBXFileReference; lastKnownFileType = sourcecode.swift; path = ImageCollectionRouter.swift; sourceTree = "<group>"; };
		F611F7B02A7A1F0B00114865 /* ImageItemModel.swift */ = {isa = PBXFileReference; lastKnownFileType = sourcecode.swift; path = ImageItemModel.swift; sourceTree = "<group>"; };
		F611F7B62A7A314F00114865 /* CollectionVC_old.swift */ = {isa = PBXFileReference; lastKnownFileType = sourcecode.swift; path = CollectionVC_old.swift; sourceTree = "<group>"; };
		F68FC3292A56A1BF007A08EF /* Extensions.swift */ = {isa = PBXFileReference; lastKnownFileType = sourcecode.swift; path = Extensions.swift; sourceTree = "<group>"; };
		F68FC32D2A56A414007A08EF /* ImageDetailVC.swift */ = {isa = PBXFileReference; lastKnownFileType = sourcecode.swift; path = ImageDetailVC.swift; sourceTree = "<group>"; };
		F68FC32F2A56A692007A08EF /* ImageListRepository.swift */ = {isa = PBXFileReference; lastKnownFileType = sourcecode.swift; path = ImageListRepository.swift; sourceTree = "<group>"; };
		F68FC3332A56DA02007A08EF /* ImageListLocalDataSource.swift */ = {isa = PBXFileReference; lastKnownFileType = sourcecode.swift; path = ImageListLocalDataSource.swift; sourceTree = "<group>"; };
		F68FC3352A5728CF007A08EF /* Spinner.swift */ = {isa = PBXFileReference; lastKnownFileType = sourcecode.swift; path = Spinner.swift; sourceTree = "<group>"; };
		F69DE8E72A56922A00B8B11E /* SimpleUnsplashClient.app */ = {isa = PBXFileReference; explicitFileType = wrapper.application; includeInIndex = 0; path = SimpleUnsplashClient.app; sourceTree = BUILT_PRODUCTS_DIR; };
		F69DE8EA2A56922A00B8B11E /* AppDelegate.swift */ = {isa = PBXFileReference; lastKnownFileType = sourcecode.swift; path = AppDelegate.swift; sourceTree = "<group>"; };
		F69DE8EC2A56922A00B8B11E /* SceneDelegate.swift */ = {isa = PBXFileReference; lastKnownFileType = sourcecode.swift; path = SceneDelegate.swift; sourceTree = "<group>"; };
		F69DE8F12A56922A00B8B11E /* Base */ = {isa = PBXFileReference; lastKnownFileType = file.storyboard; name = Base; path = Base.lproj/Main.storyboard; sourceTree = "<group>"; };
		F69DE8F32A56922C00B8B11E /* Assets.xcassets */ = {isa = PBXFileReference; lastKnownFileType = folder.assetcatalog; path = Assets.xcassets; sourceTree = "<group>"; };
		F69DE8F62A56922C00B8B11E /* Base */ = {isa = PBXFileReference; lastKnownFileType = file.storyboard; name = Base; path = Base.lproj/LaunchScreen.storyboard; sourceTree = "<group>"; };
		F69DE8F82A56922C00B8B11E /* Info.plist */ = {isa = PBXFileReference; lastKnownFileType = text.plist.xml; path = Info.plist; sourceTree = "<group>"; };
		F69DE9032A56938C00B8B11E /* ImageCollectionVC.swift */ = {isa = PBXFileReference; lastKnownFileType = sourcecode.swift; path = ImageCollectionVC.swift; sourceTree = "<group>"; };
		F69DE9072A5693F500B8B11E /* ImageCollectionCell.swift */ = {isa = PBXFileReference; lastKnownFileType = sourcecode.swift; path = ImageCollectionCell.swift; sourceTree = "<group>"; };
		F69DE9082A5693F500B8B11E /* ImageCollectionCell.xib */ = {isa = PBXFileReference; lastKnownFileType = file.xib; path = ImageCollectionCell.xib; sourceTree = "<group>"; };
		F69DE90B2A5698D800B8B11E /* ImageMetadata.swift */ = {isa = PBXFileReference; lastKnownFileType = sourcecode.swift; path = ImageMetadata.swift; sourceTree = "<group>"; };
		F69DE90D2A569CA500B8B11E /* ImageMetadataDTO.swift */ = {isa = PBXFileReference; lastKnownFileType = sourcecode.swift; path = ImageMetadataDTO.swift; sourceTree = "<group>"; };
		F69DE9102A569DD900B8B11E /* ImageListRemoteDataSource.swift */ = {isa = PBXFileReference; lastKnownFileType = sourcecode.swift; path = ImageListRemoteDataSource.swift; sourceTree = "<group>"; };
		F6F13CF92A77D9D000B2F23B /* APIClient.swift */ = {isa = PBXFileReference; lastKnownFileType = sourcecode.swift; path = APIClient.swift; sourceTree = "<group>"; };
/* End PBXFileReference section */

/* Begin PBXFrameworksBuildPhase section */
		F69DE8E42A56922A00B8B11E /* Frameworks */ = {
			isa = PBXFrameworksBuildPhase;
			buildActionMask = 2147483647;
			files = (
				67309232BD05DCC74F02763D /* Pods_SimpleUnsplashClient.framework in Frameworks */,
			);
			runOnlyForDeploymentPostprocessing = 0;
		};
/* End PBXFrameworksBuildPhase section */

/* Begin PBXGroup section */
		17B4DD5346373DE86052CA7E /* Frameworks */ = {
			isa = PBXGroup;
			children = (
				CE443BDDF3882FC1563B49EB /* Pods_SimpleUnsplashClient.framework */,
			);
			name = Frameworks;
			sourceTree = "<group>";
		};
		40A74FE6760DBF164D1C0C83 /* Pods */ = {
			isa = PBXGroup;
			children = (
				94B1C2B9B8B53FB5A8D68811 /* Pods-SimpleUnsplashClient.debug.xcconfig */,
				CB11822DF9585F75B2DF4F5E /* Pods-SimpleUnsplashClient.release.xcconfig */,
			);
			path = Pods;
			sourceTree = "<group>";
		};
		F611F7992A792FAA00114865 /* ImageItemCSModule */ = {
			isa = PBXGroup;
			children = (
				F68FC32D2A56A414007A08EF /* ImageDetailVC.swift */,
				F611F79E2A7A0F7100114865 /* ImageDetailInteractor.swift */,
				F611F7A02A7A0F9500114865 /* ImageDetailPresenter.swift */,
				F611F7A22A7A0FB300114865 /* ImageDetailBuilder.swift */,
				F611F7A62A7A0FDA00114865 /* ImageDetailRouter.swift */,
				F611F7B02A7A1F0B00114865 /* ImageItemModel.swift */,
			);
			path = ImageItemCSModule;
			sourceTree = "<group>";
		};
		F651E40B2A725F9100AD72E4 /* SharedViews */ = {
			isa = PBXGroup;
			children = (
				F68FC3352A5728CF007A08EF /* Spinner.swift */,
			);
			path = SharedViews;
			sourceTree = "<group>";
		};
		F651E40C2A72630A00AD72E4 /* Service */ = {
			isa = PBXGroup;
			children = (
				F68FC32F2A56A692007A08EF /* ImageListRepository.swift */,
			);
			path = Service;
			sourceTree = "<group>";
		};
		F651E40D2A73964400AD72E4 /* Logic */ = {
			isa = PBXGroup;
			children = (
				F651E40C2A72630A00AD72E4 /* Service */,
				F68FC3372A572B58007A08EF /* localDataSource */,
				F69DE90F2A569D6100B8B11E /* remoteDataSource */,
				F69DE8FE2A56923200B8B11E /* Model */,
			);
			path = Logic;
			sourceTree = "<group>";
		};
		F651E4102A73C8F500AD72E4 /* ImageListCSModule */ = {
			isa = PBXGroup;
			children = (
				F651E4112A73C92200AD72E4 /* View */,
				F611F7AA2A7A103D00114865 /* ImageCollectionPresenter.swift */,
				F611F7A82A7A102E00114865 /* ImageCollectionInteractor.swift */,
				F611F7AC2A7A104900114865 /* ImageCollectionBuilder.swift */,
				F611F7AE2A7A105300114865 /* ImageCollectionRouter.swift */,
			);
			path = ImageListCSModule;
			sourceTree = "<group>";
		};
		F651E4112A73C92200AD72E4 /* View */ = {
			isa = PBXGroup;
			children = (
				F69DE9062A5693C300B8B11E /* ImageCollectionCell */,
				F69DE9032A56938C00B8B11E /* ImageCollectionVC.swift */,
				F611F7B62A7A314F00114865 /* CollectionVC_old.swift */,
			);
			path = View;
			sourceTree = "<group>";
		};
		F68FC3272A56A18C007A08EF /* Helpers */ = {
			isa = PBXGroup;
			children = (
				F68FC3292A56A1BF007A08EF /* Extensions.swift */,
			);
			path = Helpers;
			sourceTree = "<group>";
		};
		F68FC3282A56A19C007A08EF /* Resources */ = {
			isa = PBXGroup;
			children = (
				F69DE8F32A56922C00B8B11E /* Assets.xcassets */,
			);
			path = Resources;
			sourceTree = "<group>";
		};
		F68FC3372A572B58007A08EF /* localDataSource */ = {
			isa = PBXGroup;
			children = (
				F68FC3332A56DA02007A08EF /* ImageListLocalDataSource.swift */,
			);
			path = localDataSource;
			sourceTree = "<group>";
		};
		F69DE8DE2A56922A00B8B11E = {
			isa = PBXGroup;
			children = (
				F69DE8E92A56922A00B8B11E /* SimpleUnsplashClient */,
				F69DE8E82A56922A00B8B11E /* Products */,
				40A74FE6760DBF164D1C0C83 /* Pods */,
				17B4DD5346373DE86052CA7E /* Frameworks */,
			);
			sourceTree = "<group>";
		};
		F69DE8E82A56922A00B8B11E /* Products */ = {
			isa = PBXGroup;
			children = (
				F69DE8E72A56922A00B8B11E /* SimpleUnsplashClient.app */,
			);
			name = Products;
			sourceTree = "<group>";
		};
		F69DE8E92A56922A00B8B11E /* SimpleUnsplashClient */ = {
			isa = PBXGroup;
			children = (
				F69DE8EA2A56922A00B8B11E /* AppDelegate.swift */,
				F69DE8EC2A56922A00B8B11E /* SceneDelegate.swift */,
				F69DE9022A5692C800B8B11E /* Storyboards */,
				F651E4102A73C8F500AD72E4 /* ImageListCSModule */,
				F611F7992A792FAA00114865 /* ImageItemCSModule */,
				F651E40D2A73964400AD72E4 /* Logic */,
				F651E40B2A725F9100AD72E4 /* SharedViews */,
				F68FC3272A56A18C007A08EF /* Helpers */,
				F68FC3282A56A19C007A08EF /* Resources */,
				F69DE8F82A56922C00B8B11E /* Info.plist */,
			);
			path = SimpleUnsplashClient;
			sourceTree = "<group>";
		};
		F69DE8FE2A56923200B8B11E /* Model */ = {
			isa = PBXGroup;
			children = (
				F69DE90B2A5698D800B8B11E /* ImageMetadata.swift */,
				F69DE90D2A569CA500B8B11E /* ImageMetadataDTO.swift */,
			);
			path = Model;
			sourceTree = "<group>";
		};
		F69DE9022A5692C800B8B11E /* Storyboards */ = {
			isa = PBXGroup;
			children = (
				F69DE8F02A56922A00B8B11E /* Main.storyboard */,
				F69DE8F52A56922C00B8B11E /* LaunchScreen.storyboard */,
			);
			path = Storyboards;
			sourceTree = "<group>";
		};
		F69DE9062A5693C300B8B11E /* ImageCollectionCell */ = {
			isa = PBXGroup;
			children = (
				F69DE9072A5693F500B8B11E /* ImageCollectionCell.swift */,
				F69DE9082A5693F500B8B11E /* ImageCollectionCell.xib */,
			);
			path = ImageCollectionCell;
			sourceTree = "<group>";
		};
		F69DE90F2A569D6100B8B11E /* remoteDataSource */ = {
			isa = PBXGroup;
			children = (
				F69DE9102A569DD900B8B11E /* ImageListRemoteDataSource.swift */,
				F6F13CF92A77D9D000B2F23B /* APIClient.swift */,
			);
			path = remoteDataSource;
			sourceTree = "<group>";
		};
/* End PBXGroup section */

/* Begin PBXNativeTarget section */
		F69DE8E62A56922A00B8B11E /* SimpleUnsplashClient */ = {
			isa = PBXNativeTarget;
			buildConfigurationList = F69DE8FB2A56922C00B8B11E /* Build configuration list for PBXNativeTarget "SimpleUnsplashClient" */;
			buildPhases = (
				62C7EBA662B1B0B55FCB6293 /* [CP] Check Pods Manifest.lock */,
				F69DE8E32A56922A00B8B11E /* Sources */,
				F69DE8E42A56922A00B8B11E /* Frameworks */,
				F69DE8E52A56922A00B8B11E /* Resources */,
				66BBE9A98A759E6F26B1D564 /* [CP] Embed Pods Frameworks */,
			);
			buildRules = (
			);
			dependencies = (
			);
			name = SimpleUnsplashClient;
			productName = SimpleUnsplashClient2;
			productReference = F69DE8E72A56922A00B8B11E /* SimpleUnsplashClient.app */;
			productType = "com.apple.product-type.application";
		};
/* End PBXNativeTarget section */

/* Begin PBXProject section */
		F69DE8DF2A56922A00B8B11E /* Project object */ = {
			isa = PBXProject;
			attributes = {
				BuildIndependentTargetsInParallel = 1;
				LastSwiftUpdateCheck = 1430;
				LastUpgradeCheck = 1430;
				TargetAttributes = {
					F69DE8E62A56922A00B8B11E = {
						CreatedOnToolsVersion = 14.3.1;
					};
				};
			};
			buildConfigurationList = F69DE8E22A56922A00B8B11E /* Build configuration list for PBXProject "SimpleUnsplashClient" */;
			compatibilityVersion = "Xcode 14.0";
			developmentRegion = en;
			hasScannedForEncodings = 0;
			knownRegions = (
				en,
				Base,
			);
			mainGroup = F69DE8DE2A56922A00B8B11E;
			productRefGroup = F69DE8E82A56922A00B8B11E /* Products */;
			projectDirPath = "";
			projectRoot = "";
			targets = (
				F69DE8E62A56922A00B8B11E /* SimpleUnsplashClient */,
			);
		};
/* End PBXProject section */

/* Begin PBXResourcesBuildPhase section */
		F69DE8E52A56922A00B8B11E /* Resources */ = {
			isa = PBXResourcesBuildPhase;
			buildActionMask = 2147483647;
			files = (
				F69DE8F72A56922C00B8B11E /* LaunchScreen.storyboard in Resources */,
				F69DE8F42A56922C00B8B11E /* Assets.xcassets in Resources */,
				F69DE8F22A56922A00B8B11E /* Main.storyboard in Resources */,
				F69DE90A2A5693F500B8B11E /* ImageCollectionCell.xib in Resources */,
			);
			runOnlyForDeploymentPostprocessing = 0;
		};
/* End PBXResourcesBuildPhase section */

/* Begin PBXShellScriptBuildPhase section */
		62C7EBA662B1B0B55FCB6293 /* [CP] Check Pods Manifest.lock */ = {
			isa = PBXShellScriptBuildPhase;
			buildActionMask = 2147483647;
			files = (
			);
			inputFileListPaths = (
			);
			inputPaths = (
				"${PODS_PODFILE_DIR_PATH}/Podfile.lock",
				"${PODS_ROOT}/Manifest.lock",
			);
			name = "[CP] Check Pods Manifest.lock";
			outputFileListPaths = (
			);
			outputPaths = (
				"$(DERIVED_FILE_DIR)/Pods-SimpleUnsplashClient-checkManifestLockResult.txt",
			);
			runOnlyForDeploymentPostprocessing = 0;
			shellPath = /bin/sh;
			shellScript = "diff \"${PODS_PODFILE_DIR_PATH}/Podfile.lock\" \"${PODS_ROOT}/Manifest.lock\" > /dev/null\nif [ $? != 0 ] ; then\n    # print error to STDERR\n    echo \"error: The sandbox is not in sync with the Podfile.lock. Run 'pod install' or update your CocoaPods installation.\" >&2\n    exit 1\nfi\n# This output is used by Xcode 'outputs' to avoid re-running this script phase.\necho \"SUCCESS\" > \"${SCRIPT_OUTPUT_FILE_0}\"\n";
			showEnvVarsInLog = 0;
		};
		66BBE9A98A759E6F26B1D564 /* [CP] Embed Pods Frameworks */ = {
			isa = PBXShellScriptBuildPhase;
			buildActionMask = 2147483647;
			files = (
			);
			inputFileListPaths = (
				"${PODS_ROOT}/Target Support Files/Pods-SimpleUnsplashClient/Pods-SimpleUnsplashClient-frameworks-${CONFIGURATION}-input-files.xcfilelist",
			);
			name = "[CP] Embed Pods Frameworks";
			outputFileListPaths = (
				"${PODS_ROOT}/Target Support Files/Pods-SimpleUnsplashClient/Pods-SimpleUnsplashClient-frameworks-${CONFIGURATION}-output-files.xcfilelist",
			);
			runOnlyForDeploymentPostprocessing = 0;
			shellPath = /bin/sh;
			shellScript = "\"${PODS_ROOT}/Target Support Files/Pods-SimpleUnsplashClient/Pods-SimpleUnsplashClient-frameworks.sh\"\n";
			showEnvVarsInLog = 0;
		};
/* End PBXShellScriptBuildPhase section */

/* Begin PBXSourcesBuildPhase section */
		F69DE8E32A56922A00B8B11E /* Sources */ = {
			isa = PBXSourcesBuildPhase;
			buildActionMask = 2147483647;
			files = (
				F611F7A32A7A0FB300114865 /* ImageDetailBuilder.swift in Sources */,
				F611F7AF2A7A105300114865 /* ImageCollectionRouter.swift in Sources */,
				F69DE9112A569DD900B8B11E /* ImageListRemoteDataSource.swift in Sources */,
				F611F7B72A7A314F00114865 /* CollectionVC_old.swift in Sources */,
				F69DE8EB2A56922A00B8B11E /* AppDelegate.swift in Sources */,
				F611F7AD2A7A104900114865 /* ImageCollectionBuilder.swift in Sources */,
				F69DE9042A56938C00B8B11E /* ImageCollectionVC.swift in Sources */,
				F611F7B12A7A1F0B00114865 /* ImageItemModel.swift in Sources */,
				F611F7AB2A7A103D00114865 /* ImageCollectionPresenter.swift in Sources */,
				F611F7A92A7A102E00114865 /* ImageCollectionInteractor.swift in Sources */,
				F68FC32A2A56A1BF007A08EF /* Extensions.swift in Sources */,
				F68FC3302A56A692007A08EF /* ImageListRepository.swift in Sources */,
				F69DE90E2A569CA500B8B11E /* ImageMetadataDTO.swift in Sources */,
				F611F7A72A7A0FDA00114865 /* ImageDetailRouter.swift in Sources */,
				F69DE8ED2A56922A00B8B11E /* SceneDelegate.swift in Sources */,
				F68FC32E2A56A414007A08EF /* ImageDetailVC.swift in Sources */,
				F69DE9092A5693F500B8B11E /* ImageCollectionCell.swift in Sources */,
				F68FC3342A56DA02007A08EF /* ImageListLocalDataSource.swift in Sources */,
				F6F13CFA2A77D9D000B2F23B /* APIClient.swift in Sources */,
				F68FC3362A5728CF007A08EF /* Spinner.swift in Sources */,
				F69DE90C2A5698D800B8B11E /* ImageMetadata.swift in Sources */,
				F611F79F2A7A0F7100114865 /* ImageDetailInteractor.swift in Sources */,
				F611F7A12A7A0F9500114865 /* ImageDetailPresenter.swift in Sources */,
			);
			runOnlyForDeploymentPostprocessing = 0;
		};
/* End PBXSourcesBuildPhase section */

/* Begin PBXVariantGroup section */
		F69DE8F02A56922A00B8B11E /* Main.storyboard */ = {
			isa = PBXVariantGroup;
			children = (
				F69DE8F12A56922A00B8B11E /* Base */,
			);
			name = Main.storyboard;
			sourceTree = "<group>";
		};
		F69DE8F52A56922C00B8B11E /* LaunchScreen.storyboard */ = {
			isa = PBXVariantGroup;
			children = (
				F69DE8F62A56922C00B8B11E /* Base */,
			);
			name = LaunchScreen.storyboard;
			sourceTree = "<group>";
		};
/* End PBXVariantGroup section */

/* Begin XCBuildConfiguration section */
		F69DE8F92A56922C00B8B11E /* Debug */ = {
			isa = XCBuildConfiguration;
			buildSettings = {
				ALWAYS_SEARCH_USER_PATHS = NO;
				CLANG_ANALYZER_NONNULL = YES;
				CLANG_ANALYZER_NUMBER_OBJECT_CONVERSION = YES_AGGRESSIVE;
				CLANG_CXX_LANGUAGE_STANDARD = "gnu++20";
				CLANG_ENABLE_MODULES = YES;
				CLANG_ENABLE_OBJC_ARC = YES;
				CLANG_ENABLE_OBJC_WEAK = YES;
				CLANG_WARN_BLOCK_CAPTURE_AUTORELEASING = YES;
				CLANG_WARN_BOOL_CONVERSION = YES;
				CLANG_WARN_COMMA = YES;
				CLANG_WARN_CONSTANT_CONVERSION = YES;
				CLANG_WARN_DEPRECATED_OBJC_IMPLEMENTATIONS = YES;
				CLANG_WARN_DIRECT_OBJC_ISA_USAGE = YES_ERROR;
				CLANG_WARN_DOCUMENTATION_COMMENTS = YES;
				CLANG_WARN_EMPTY_BODY = YES;
				CLANG_WARN_ENUM_CONVERSION = YES;
				CLANG_WARN_INFINITE_RECURSION = YES;
				CLANG_WARN_INT_CONVERSION = YES;
				CLANG_WARN_NON_LITERAL_NULL_CONVERSION = YES;
				CLANG_WARN_OBJC_IMPLICIT_RETAIN_SELF = YES;
				CLANG_WARN_OBJC_LITERAL_CONVERSION = YES;
				CLANG_WARN_OBJC_ROOT_CLASS = YES_ERROR;
				CLANG_WARN_QUOTED_INCLUDE_IN_FRAMEWORK_HEADER = YES;
				CLANG_WARN_RANGE_LOOP_ANALYSIS = YES;
				CLANG_WARN_STRICT_PROTOTYPES = YES;
				CLANG_WARN_SUSPICIOUS_MOVE = YES;
				CLANG_WARN_UNGUARDED_AVAILABILITY = YES_AGGRESSIVE;
				CLANG_WARN_UNREACHABLE_CODE = YES;
				CLANG_WARN__DUPLICATE_METHOD_MATCH = YES;
				COPY_PHASE_STRIP = NO;
				DEBUG_INFORMATION_FORMAT = dwarf;
				ENABLE_STRICT_OBJC_MSGSEND = YES;
				ENABLE_TESTABILITY = YES;
				GCC_C_LANGUAGE_STANDARD = gnu11;
				GCC_DYNAMIC_NO_PIC = NO;
				GCC_NO_COMMON_BLOCKS = YES;
				GCC_OPTIMIZATION_LEVEL = 0;
				GCC_PREPROCESSOR_DEFINITIONS = (
					"DEBUG=1",
					"$(inherited)",
				);
				GCC_WARN_64_TO_32_BIT_CONVERSION = YES;
				GCC_WARN_ABOUT_RETURN_TYPE = YES_ERROR;
				GCC_WARN_UNDECLARED_SELECTOR = YES;
				GCC_WARN_UNINITIALIZED_AUTOS = YES_AGGRESSIVE;
				GCC_WARN_UNUSED_FUNCTION = YES;
				GCC_WARN_UNUSED_VARIABLE = YES;
				IPHONEOS_DEPLOYMENT_TARGET = 16.4;
				MTL_ENABLE_DEBUG_INFO = INCLUDE_SOURCE;
				MTL_FAST_MATH = YES;
				ONLY_ACTIVE_ARCH = YES;
				SDKROOT = iphoneos;
				SWIFT_ACTIVE_COMPILATION_CONDITIONS = DEBUG;
				SWIFT_OPTIMIZATION_LEVEL = "-Onone";
			};
			name = Debug;
		};
		F69DE8FA2A56922C00B8B11E /* Release */ = {
			isa = XCBuildConfiguration;
			buildSettings = {
				ALWAYS_SEARCH_USER_PATHS = NO;
				CLANG_ANALYZER_NONNULL = YES;
				CLANG_ANALYZER_NUMBER_OBJECT_CONVERSION = YES_AGGRESSIVE;
				CLANG_CXX_LANGUAGE_STANDARD = "gnu++20";
				CLANG_ENABLE_MODULES = YES;
				CLANG_ENABLE_OBJC_ARC = YES;
				CLANG_ENABLE_OBJC_WEAK = YES;
				CLANG_WARN_BLOCK_CAPTURE_AUTORELEASING = YES;
				CLANG_WARN_BOOL_CONVERSION = YES;
				CLANG_WARN_COMMA = YES;
				CLANG_WARN_CONSTANT_CONVERSION = YES;
				CLANG_WARN_DEPRECATED_OBJC_IMPLEMENTATIONS = YES;
				CLANG_WARN_DIRECT_OBJC_ISA_USAGE = YES_ERROR;
				CLANG_WARN_DOCUMENTATION_COMMENTS = YES;
				CLANG_WARN_EMPTY_BODY = YES;
				CLANG_WARN_ENUM_CONVERSION = YES;
				CLANG_WARN_INFINITE_RECURSION = YES;
				CLANG_WARN_INT_CONVERSION = YES;
				CLANG_WARN_NON_LITERAL_NULL_CONVERSION = YES;
				CLANG_WARN_OBJC_IMPLICIT_RETAIN_SELF = YES;
				CLANG_WARN_OBJC_LITERAL_CONVERSION = YES;
				CLANG_WARN_OBJC_ROOT_CLASS = YES_ERROR;
				CLANG_WARN_QUOTED_INCLUDE_IN_FRAMEWORK_HEADER = YES;
				CLANG_WARN_RANGE_LOOP_ANALYSIS = YES;
				CLANG_WARN_STRICT_PROTOTYPES = YES;
				CLANG_WARN_SUSPICIOUS_MOVE = YES;
				CLANG_WARN_UNGUARDED_AVAILABILITY = YES_AGGRESSIVE;
				CLANG_WARN_UNREACHABLE_CODE = YES;
				CLANG_WARN__DUPLICATE_METHOD_MATCH = YES;
				COPY_PHASE_STRIP = NO;
				DEBUG_INFORMATION_FORMAT = "dwarf-with-dsym";
				ENABLE_NS_ASSERTIONS = NO;
				ENABLE_STRICT_OBJC_MSGSEND = YES;
				GCC_C_LANGUAGE_STANDARD = gnu11;
				GCC_NO_COMMON_BLOCKS = YES;
				GCC_WARN_64_TO_32_BIT_CONVERSION = YES;
				GCC_WARN_ABOUT_RETURN_TYPE = YES_ERROR;
				GCC_WARN_UNDECLARED_SELECTOR = YES;
				GCC_WARN_UNINITIALIZED_AUTOS = YES_AGGRESSIVE;
				GCC_WARN_UNUSED_FUNCTION = YES;
				GCC_WARN_UNUSED_VARIABLE = YES;
				IPHONEOS_DEPLOYMENT_TARGET = 16.4;
				MTL_ENABLE_DEBUG_INFO = NO;
				MTL_FAST_MATH = YES;
				SDKROOT = iphoneos;
				SWIFT_COMPILATION_MODE = wholemodule;
				SWIFT_OPTIMIZATION_LEVEL = "-O";
				VALIDATE_PRODUCT = YES;
			};
			name = Release;
		};
		F69DE8FC2A56922C00B8B11E /* Debug */ = {
			isa = XCBuildConfiguration;
			baseConfigurationReference = 94B1C2B9B8B53FB5A8D68811 /* Pods-SimpleUnsplashClient.debug.xcconfig */;
			buildSettings = {
				ASSETCATALOG_COMPILER_APPICON_NAME = AppIcon;
				ASSETCATALOG_COMPILER_GLOBAL_ACCENT_COLOR_NAME = AccentColor;
				CODE_SIGN_STYLE = Automatic;
				CURRENT_PROJECT_VERSION = 1;
				GENERATE_INFOPLIST_FILE = YES;
				INFOPLIST_FILE = SimpleUnsplashClient/Info.plist;
				INFOPLIST_KEY_UIApplicationSupportsIndirectInputEvents = YES;
				INFOPLIST_KEY_UILaunchStoryboardName = LaunchScreen;
				INFOPLIST_KEY_UIMainStoryboardFile = Main;
				INFOPLIST_KEY_UISupportedInterfaceOrientations_iPad = "UIInterfaceOrientationPortrait UIInterfaceOrientationPortraitUpsideDown UIInterfaceOrientationLandscapeLeft UIInterfaceOrientationLandscapeRight";
				INFOPLIST_KEY_UISupportedInterfaceOrientations_iPhone = "UIInterfaceOrientationPortrait UIInterfaceOrientationLandscapeLeft UIInterfaceOrientationLandscapeRight";
				LD_RUNPATH_SEARCH_PATHS = (
					"$(inherited)",
					"@executable_path/Frameworks",
				);
				MARKETING_VERSION = 1.0;
				PRODUCT_BUNDLE_IDENTIFIER = SergeyNikiforov.SimpleUnsplashClient;
				PRODUCT_NAME = "$(TARGET_NAME)";
				SWIFT_EMIT_LOC_STRINGS = YES;
				SWIFT_VERSION = 5.0;
				TARGETED_DEVICE_FAMILY = "1,2";
			};
			name = Debug;
		};
		F69DE8FD2A56922C00B8B11E /* Release */ = {
			isa = XCBuildConfiguration;
			baseConfigurationReference = CB11822DF9585F75B2DF4F5E /* Pods-SimpleUnsplashClient.release.xcconfig */;
			buildSettings = {
				ASSETCATALOG_COMPILER_APPICON_NAME = AppIcon;
				ASSETCATALOG_COMPILER_GLOBAL_ACCENT_COLOR_NAME = AccentColor;
				CODE_SIGN_STYLE = Automatic;
				CURRENT_PROJECT_VERSION = 1;
				DEVELOPMENT_TEAM = U33N4RMS49;
				GENERATE_INFOPLIST_FILE = YES;
				INFOPLIST_FILE = SimpleUnsplashClient/Info.plist;
				INFOPLIST_KEY_UIApplicationSupportsIndirectInputEvents = YES;
				INFOPLIST_KEY_UILaunchStoryboardName = LaunchScreen;
				INFOPLIST_KEY_UIMainStoryboardFile = Main;
				INFOPLIST_KEY_UISupportedInterfaceOrientations_iPad = "UIInterfaceOrientationPortrait UIInterfaceOrientationPortraitUpsideDown UIInterfaceOrientationLandscapeLeft UIInterfaceOrientationLandscapeRight";
				INFOPLIST_KEY_UISupportedInterfaceOrientations_iPhone = "UIInterfaceOrientationPortrait UIInterfaceOrientationLandscapeLeft UIInterfaceOrientationLandscapeRight";
				LD_RUNPATH_SEARCH_PATHS = (
					"$(inherited)",
					"@executable_path/Frameworks",
				);
				MARKETING_VERSION = 1.0;
				PRODUCT_BUNDLE_IDENTIFIER = SergeyNikiforov.SimpleUnsplashClient;
				PRODUCT_NAME = "$(TARGET_NAME)";
				SWIFT_EMIT_LOC_STRINGS = YES;
				SWIFT_VERSION = 5.0;
				TARGETED_DEVICE_FAMILY = "1,2";
			};
			name = Release;
		};
/* End XCBuildConfiguration section */

/* Begin XCConfigurationList section */
		F69DE8E22A56922A00B8B11E /* Build configuration list for PBXProject "SimpleUnsplashClient" */ = {
			isa = XCConfigurationList;
			buildConfigurations = (
				F69DE8F92A56922C00B8B11E /* Debug */,
				F69DE8FA2A56922C00B8B11E /* Release */,
			);
			defaultConfigurationIsVisible = 0;
			defaultConfigurationName = Release;
		};
		F69DE8FB2A56922C00B8B11E /* Build configuration list for PBXNativeTarget "SimpleUnsplashClient" */ = {
			isa = XCConfigurationList;
			buildConfigurations = (
				F69DE8FC2A56922C00B8B11E /* Debug */,
				F69DE8FD2A56922C00B8B11E /* Release */,
			);
			defaultConfigurationIsVisible = 0;
			defaultConfigurationName = Release;
		};
/* End XCConfigurationList section */
	};
	rootObject = F69DE8DF2A56922A00B8B11E /* Project object */;
}
