// !$*UTF8*$!
{
	archiveVersion = 1;
	classes = {
	};
	objectVersion = 56;
	objects = {

/* Begin PBXBuildFile section */
		F68FC32A2A56A1BF007A08EF /* Extensions.swift in Sources */ = {isa = PBXBuildFile; fileRef = F68FC3292A56A1BF007A08EF /* Extensions.swift */; };
		F68FC32E2A56A414007A08EF /* ImageDetailVC.swift in Sources */ = {isa = PBXBuildFile; fileRef = F68FC32D2A56A414007A08EF /* ImageDetailVC.swift */; };
		F68FC3302A56A692007A08EF /* ImageManager.swift in Sources */ = {isa = PBXBuildFile; fileRef = F68FC32F2A56A692007A08EF /* ImageManager.swift */; };
		F68FC3342A56DA02007A08EF /* CacheManager.swift in Sources */ = {isa = PBXBuildFile; fileRef = F68FC3332A56DA02007A08EF /* CacheManager.swift */; };
		F68FC3362A5728CF007A08EF /* Spinner.swift in Sources */ = {isa = PBXBuildFile; fileRef = F68FC3352A5728CF007A08EF /* Spinner.swift */; };
		F69DE8EB2A56922A00B8B11E /* AppDelegate.swift in Sources */ = {isa = PBXBuildFile; fileRef = F69DE8EA2A56922A00B8B11E /* AppDelegate.swift */; };
		F69DE8ED2A56922A00B8B11E /* SceneDelegate.swift in Sources */ = {isa = PBXBuildFile; fileRef = F69DE8EC2A56922A00B8B11E /* SceneDelegate.swift */; };
		F69DE8F22A56922A00B8B11E /* Main.storyboard in Resources */ = {isa = PBXBuildFile; fileRef = F69DE8F02A56922A00B8B11E /* Main.storyboard */; };
		F69DE8F42A56922C00B8B11E /* Assets.xcassets in Resources */ = {isa = PBXBuildFile; fileRef = F69DE8F32A56922C00B8B11E /* Assets.xcassets */; };
		F69DE8F72A56922C00B8B11E /* LaunchScreen.storyboard in Resources */ = {isa = PBXBuildFile; fileRef = F69DE8F52A56922C00B8B11E /* LaunchScreen.storyboard */; };
		F69DE9042A56938C00B8B11E /* ImageCollectionVC.swift in Sources */ = {isa = PBXBuildFile; fileRef = F69DE9032A56938C00B8B11E /* ImageCollectionVC.swift */; };
		F69DE9092A5693F500B8B11E /* ImageCollectionCell.swift in Sources */ = {isa = PBXBuildFile; fileRef = F69DE9072A5693F500B8B11E /* ImageCollectionCell.swift */; };
		F69DE90A2A5693F500B8B11E /* ImageCollectionCell.xib in Resources */ = {isa = PBXBuildFile; fileRef = F69DE9082A5693F500B8B11E /* ImageCollectionCell.xib */; };
		F69DE90C2A5698D800B8B11E /* ImageDisplayModel.swift in Sources */ = {isa = PBXBuildFile; fileRef = F69DE90B2A5698D800B8B11E /* ImageDisplayModel.swift */; };
		F69DE90E2A569CA500B8B11E /* ImageAPIModel.swift in Sources */ = {isa = PBXBuildFile; fileRef = F69DE90D2A569CA500B8B11E /* ImageAPIModel.swift */; };
		F69DE9112A569DD900B8B11E /* NetworkManager.swift in Sources */ = {isa = PBXBuildFile; fileRef = F69DE9102A569DD900B8B11E /* NetworkManager.swift */; };
/* End PBXBuildFile section */

/* Begin PBXFileReference section */
		F68FC3292A56A1BF007A08EF /* Extensions.swift */ = {isa = PBXFileReference; lastKnownFileType = sourcecode.swift; path = Extensions.swift; sourceTree = "<group>"; };
		F68FC32D2A56A414007A08EF /* ImageDetailVC.swift */ = {isa = PBXFileReference; lastKnownFileType = sourcecode.swift; path = ImageDetailVC.swift; sourceTree = "<group>"; };
		F68FC32F2A56A692007A08EF /* ImageManager.swift */ = {isa = PBXFileReference; lastKnownFileType = sourcecode.swift; path = ImageManager.swift; sourceTree = "<group>"; };
		F68FC3332A56DA02007A08EF /* CacheManager.swift */ = {isa = PBXFileReference; lastKnownFileType = sourcecode.swift; path = CacheManager.swift; sourceTree = "<group>"; };
		F68FC3352A5728CF007A08EF /* Spinner.swift */ = {isa = PBXFileReference; lastKnownFileType = sourcecode.swift; path = Spinner.swift; sourceTree = "<group>"; };
		F69DE8E72A56922A00B8B11E /* SimpleUnsplashClient.app */ = {isa = PBXFileReference; explicitFileType = wrapper.application; includeInIndex = 0; path = SimpleUnsplashClient.app; sourceTree = BUILT_PRODUCTS_DIR; };
		F69DE8EA2A56922A00B8B11E /* AppDelegate.swift */ = {isa = PBXFileReference; lastKnownFileType = sourcecode.swift; path = AppDelegate.swift; sourceTree = "<group>"; };
		F69DE8EC2A56922A00B8B11E /* SceneDelegate.swift */ = {isa = PBXFileReference; lastKnownFileType = sourcecode.swift; path = SceneDelegate.swift; sourceTree = "<group>"; };
		F69DE8F12A56922A00B8B11E /* Base */ = {isa = PBXFileReference; lastKnownFileType = file.storyboard; name = Base; path = Base.lproj/Main.storyboard; sourceTree = "<group>"; };
		F69DE8F32A56922C00B8B11E /* Assets.xcassets */ = {isa = PBXFileReference; lastKnownFileType = folder.assetcatalog; path = Assets.xcassets; sourceTree = "<group>"; };
		F69DE8F62A56922C00B8B11E /* Base */ = {isa = PBXFileReference; lastKnownFileType = file.storyboard; name = Base; path = Base.lproj/LaunchScreen.storyboard; sourceTree = "<group>"; };
		F69DE8F82A56922C00B8B11E /* Info.plist */ = {isa = PBXFileReference; lastKnownFileType = text.plist.xml; path = Info.plist; sourceTree = "<group>"; };
		F69DE9032A56938C00B8B11E /* ImageCollectionVC.swift */ = {isa = PBXFileReference; lastKnownFileType = sourcecode.swift; path = ImageCollectionVC.swift; sourceTree = "<group>"; };
		F69DE9072A5693F500B8B11E /* ImageCollectionCell.swift */ = {isa = PBXFileReference; lastKnownFileType = sourcecode.swift; path = ImageCollectionCell.swift; sourceTree = "<group>"; };
		F69DE9082A5693F500B8B11E /* ImageCollectionCell.xib */ = {isa = PBXFileReference; lastKnownFileType = file.xib; path = ImageCollectionCell.xib; sourceTree = "<group>"; };
		F69DE90B2A5698D800B8B11E /* ImageDisplayModel.swift */ = {isa = PBXFileReference; lastKnownFileType = sourcecode.swift; path = ImageDisplayModel.swift; sourceTree = "<group>"; };
		F69DE90D2A569CA500B8B11E /* ImageAPIModel.swift */ = {isa = PBXFileReference; lastKnownFileType = sourcecode.swift; path = ImageAPIModel.swift; sourceTree = "<group>"; };
		F69DE9102A569DD900B8B11E /* NetworkManager.swift */ = {isa = PBXFileReference; lastKnownFileType = sourcecode.swift; path = NetworkManager.swift; sourceTree = "<group>"; };
/* End PBXFileReference section */

/* Begin PBXFrameworksBuildPhase section */
		F69DE8E42A56922A00B8B11E /* Frameworks */ = {
			isa = PBXFrameworksBuildPhase;
			buildActionMask = 2147483647;
			files = (
			);
			runOnlyForDeploymentPostprocessing = 0;
		};
/* End PBXFrameworksBuildPhase section */

/* Begin PBXGroup section */
		F651E40B2A725F9100AD72E4 /* Views */ = {
			isa = PBXGroup;
			children = (
				F68FC3352A5728CF007A08EF /* Spinner.swift */,
			);
			path = Views;
			sourceTree = "<group>";
		};
		F651E40C2A72630A00AD72E4 /* Service */ = {
			isa = PBXGroup;
			children = (
				F68FC32F2A56A692007A08EF /* ImageManager.swift */,
			);
			path = Service;
			sourceTree = "<group>";
		};
		F651E40D2A73964400AD72E4 /* Logic */ = {
			isa = PBXGroup;
			children = (
				F68FC3372A572B58007A08EF /* LocalStorage */,
				F69DE90F2A569D6100B8B11E /* Network */,
			);
			path = Logic;
			sourceTree = "<group>";
		};
		F68FC3272A56A18C007A08EF /* Helpers */ = {
			isa = PBXGroup;
			children = (
				F68FC3292A56A1BF007A08EF /* Extensions.swift */,
			);
			path = Helpers;
			sourceTree = "<group>";
		};
		F68FC3282A56A19C007A08EF /* Resources */ = {
			isa = PBXGroup;
			children = (
				F69DE8F32A56922C00B8B11E /* Assets.xcassets */,
			);
			path = Resources;
			sourceTree = "<group>";
		};
		F68FC3372A572B58007A08EF /* LocalStorage */ = {
			isa = PBXGroup;
			children = (
				F68FC3332A56DA02007A08EF /* CacheManager.swift */,
			);
			path = LocalStorage;
			sourceTree = "<group>";
		};
		F69DE8DE2A56922A00B8B11E = {
			isa = PBXGroup;
			children = (
				F69DE8E92A56922A00B8B11E /* SimpleUnsplashClient */,
				F69DE8E82A56922A00B8B11E /* Products */,
			);
			sourceTree = "<group>";
		};
		F69DE8E82A56922A00B8B11E /* Products */ = {
			isa = PBXGroup;
			children = (
				F69DE8E72A56922A00B8B11E /* SimpleUnsplashClient.app */,
			);
			name = Products;
			sourceTree = "<group>";
		};
		F69DE8E92A56922A00B8B11E /* SimpleUnsplashClient */ = {
			isa = PBXGroup;
			children = (
				F69DE8EA2A56922A00B8B11E /* AppDelegate.swift */,
				F69DE8EC2A56922A00B8B11E /* SceneDelegate.swift */,
				F69DE9052A5693B300B8B11E /* XIBs */,
				F69DE9022A5692C800B8B11E /* Storyboards */,
				F651E40B2A725F9100AD72E4 /* Views */,
				F69DE8FF2A56923800B8B11E /* ViewControllers */,
				F69DE8FE2A56923200B8B11E /* Model */,
				F651E40C2A72630A00AD72E4 /* Service */,
				F651E40D2A73964400AD72E4 /* Logic */,
				F68FC3272A56A18C007A08EF /* Helpers */,
				F68FC3282A56A19C007A08EF /* Resources */,
				F69DE8F82A56922C00B8B11E /* Info.plist */,
			);
			path = SimpleUnsplashClient;
			sourceTree = "<group>";
		};
		F69DE8FE2A56923200B8B11E /* Model */ = {
			isa = PBXGroup;
			children = (
				F69DE90B2A5698D800B8B11E /* ImageDisplayModel.swift */,
				F69DE90D2A569CA500B8B11E /* ImageAPIModel.swift */,
			);
			path = Model;
			sourceTree = "<group>";
		};
		F69DE8FF2A56923800B8B11E /* ViewControllers */ = {
			isa = PBXGroup;
			children = (
				F69DE9032A56938C00B8B11E /* ImageCollectionVC.swift */,
				F68FC32D2A56A414007A08EF /* ImageDetailVC.swift */,
			);
			path = ViewControllers;
			sourceTree = "<group>";
		};
		F69DE9022A5692C800B8B11E /* Storyboards */ = {
			isa = PBXGroup;
			children = (
				F69DE8F02A56922A00B8B11E /* Main.storyboard */,
				F69DE8F52A56922C00B8B11E /* LaunchScreen.storyboard */,
			);
			path = Storyboards;
			sourceTree = "<group>";
		};
		F69DE9052A5693B300B8B11E /* XIBs */ = {
			isa = PBXGroup;
			children = (
				F69DE9062A5693C300B8B11E /* ImageCollectionCell */,
			);
			path = XIBs;
			sourceTree = "<group>";
		};
		F69DE9062A5693C300B8B11E /* ImageCollectionCell */ = {
			isa = PBXGroup;
			children = (
				F69DE9072A5693F500B8B11E /* ImageCollectionCell.swift */,
				F69DE9082A5693F500B8B11E /* ImageCollectionCell.xib */,
			);
			path = ImageCollectionCell;
			sourceTree = "<group>";
		};
		F69DE90F2A569D6100B8B11E /* Network */ = {
			isa = PBXGroup;
			children = (
				F69DE9102A569DD900B8B11E /* NetworkManager.swift */,
			);
			path = Network;
			sourceTree = "<group>";
		};
/* End PBXGroup section */

/* Begin PBXNativeTarget section */
		F69DE8E62A56922A00B8B11E /* SimpleUnsplashClient */ = {
			isa = PBXNativeTarget;
			buildConfigurationList = F69DE8FB2A56922C00B8B11E /* Build configuration list for PBXNativeTarget "SimpleUnsplashClient" */;
			buildPhases = (
				F69DE8E32A56922A00B8B11E /* Sources */,
				F69DE8E42A56922A00B8B11E /* Frameworks */,
				F69DE8E52A56922A00B8B11E /* Resources */,
			);
			buildRules = (
			);
			dependencies = (
			);
			name = SimpleUnsplashClient;
			productName = SimpleUnsplashClient2;
			productReference = F69DE8E72A56922A00B8B11E /* SimpleUnsplashClient.app */;
			productType = "com.apple.product-type.application";
		};
/* End PBXNativeTarget section */

/* Begin PBXProject section */
		F69DE8DF2A56922A00B8B11E /* Project object */ = {
			isa = PBXProject;
			attributes = {
				BuildIndependentTargetsInParallel = 1;
				LastSwiftUpdateCheck = 1430;
				LastUpgradeCheck = 1430;
				TargetAttributes = {
					F69DE8E62A56922A00B8B11E = {
						CreatedOnToolsVersion = 14.3.1;
					};
				};
			};
			buildConfigurationList = F69DE8E22A56922A00B8B11E /* Build configuration list for PBXProject "SimpleUnsplashClient" */;
			compatibilityVersion = "Xcode 14.0";
			developmentRegion = en;
			hasScannedForEncodings = 0;
			knownRegions = (
				en,
				Base,
			);
			mainGroup = F69DE8DE2A56922A00B8B11E;
			productRefGroup = F69DE8E82A56922A00B8B11E /* Products */;
			projectDirPath = "";
			projectRoot = "";
			targets = (
				F69DE8E62A56922A00B8B11E /* SimpleUnsplashClient */,
			);
		};
/* End PBXProject section */

/* Begin PBXResourcesBuildPhase section */
		F69DE8E52A56922A00B8B11E /* Resources */ = {
			isa = PBXResourcesBuildPhase;
			buildActionMask = 2147483647;
			files = (
				F69DE8F72A56922C00B8B11E /* LaunchScreen.storyboard in Resources */,
				F69DE8F42A56922C00B8B11E /* Assets.xcassets in Resources */,
				F69DE8F22A56922A00B8B11E /* Main.storyboard in Resources */,
				F69DE90A2A5693F500B8B11E /* ImageCollectionCell.xib in Resources */,
			);
			runOnlyForDeploymentPostprocessing = 0;
		};
/* End PBXResourcesBuildPhase section */

/* Begin PBXSourcesBuildPhase section */
		F69DE8E32A56922A00B8B11E /* Sources */ = {
			isa = PBXSourcesBuildPhase;
			buildActionMask = 2147483647;
			files = (
				F69DE9112A569DD900B8B11E /* NetworkManager.swift in Sources */,
				F69DE8EB2A56922A00B8B11E /* AppDelegate.swift in Sources */,
				F69DE9042A56938C00B8B11E /* ImageCollectionVC.swift in Sources */,
				F68FC32A2A56A1BF007A08EF /* Extensions.swift in Sources */,
				F68FC3302A56A692007A08EF /* ImageManager.swift in Sources */,
				F69DE90E2A569CA500B8B11E /* ImageAPIModel.swift in Sources */,
				F69DE8ED2A56922A00B8B11E /* SceneDelegate.swift in Sources */,
				F68FC32E2A56A414007A08EF /* ImageDetailVC.swift in Sources */,
				F69DE9092A5693F500B8B11E /* ImageCollectionCell.swift in Sources */,
				F68FC3342A56DA02007A08EF /* CacheManager.swift in Sources */,
				F68FC3362A5728CF007A08EF /* Spinner.swift in Sources */,
				F69DE90C2A5698D800B8B11E /* ImageDisplayModel.swift in Sources */,
			);
			runOnlyForDeploymentPostprocessing = 0;
		};
/* End PBXSourcesBuildPhase section */

/* Begin PBXVariantGroup section */
		F69DE8F02A56922A00B8B11E /* Main.storyboard */ = {
			isa = PBXVariantGroup;
			children = (
				F69DE8F12A56922A00B8B11E /* Base */,
			);
			name = Main.storyboard;
			sourceTree = "<group>";
		};
		F69DE8F52A56922C00B8B11E /* LaunchScreen.storyboard */ = {
			isa = PBXVariantGroup;
			children = (
				F69DE8F62A56922C00B8B11E /* Base */,
			);
			name = LaunchScreen.storyboard;
			sourceTree = "<group>";
		};
/* End PBXVariantGroup section */

/* Begin XCBuildConfiguration section */
		F69DE8F92A56922C00B8B11E /* Debug */ = {
			isa = XCBuildConfiguration;
			buildSettings = {
				ALWAYS_SEARCH_USER_PATHS = NO;
				CLANG_ANALYZER_NONNULL = YES;
				CLANG_ANALYZER_NUMBER_OBJECT_CONVERSION = YES_AGGRESSIVE;
				CLANG_CXX_LANGUAGE_STANDARD = "gnu++20";
				CLANG_ENABLE_MODULES = YES;
				CLANG_ENABLE_OBJC_ARC = YES;
				CLANG_ENABLE_OBJC_WEAK = YES;
				CLANG_WARN_BLOCK_CAPTURE_AUTORELEASING = YES;
				CLANG_WARN_BOOL_CONVERSION = YES;
				CLANG_WARN_COMMA = YES;
				CLANG_WARN_CONSTANT_CONVERSION = YES;
				CLANG_WARN_DEPRECATED_OBJC_IMPLEMENTATIONS = YES;
				CLANG_WARN_DIRECT_OBJC_ISA_USAGE = YES_ERROR;
				CLANG_WARN_DOCUMENTATION_COMMENTS = YES;
				CLANG_WARN_EMPTY_BODY = YES;
				CLANG_WARN_ENUM_CONVERSION = YES;
				CLANG_WARN_INFINITE_RECURSION = YES;
				CLANG_WARN_INT_CONVERSION = YES;
				CLANG_WARN_NON_LITERAL_NULL_CONVERSION = YES;
				CLANG_WARN_OBJC_IMPLICIT_RETAIN_SELF = YES;
				CLANG_WARN_OBJC_LITERAL_CONVERSION = YES;
				CLANG_WARN_OBJC_ROOT_CLASS = YES_ERROR;
				CLANG_WARN_QUOTED_INCLUDE_IN_FRAMEWORK_HEADER = YES;
				CLANG_WARN_RANGE_LOOP_ANALYSIS = YES;
				CLANG_WARN_STRICT_PROTOTYPES = YES;
				CLANG_WARN_SUSPICIOUS_MOVE = YES;
				CLANG_WARN_UNGUARDED_AVAILABILITY = YES_AGGRESSIVE;
				CLANG_WARN_UNREACHABLE_CODE = YES;
				CLANG_WARN__DUPLICATE_METHOD_MATCH = YES;
				COPY_PHASE_STRIP = NO;
				DEBUG_INFORMATION_FORMAT = dwarf;
				ENABLE_STRICT_OBJC_MSGSEND = YES;
				ENABLE_TESTABILITY = YES;
				GCC_C_LANGUAGE_STANDARD = gnu11;
				GCC_DYNAMIC_NO_PIC = NO;
				GCC_NO_COMMON_BLOCKS = YES;
				GCC_OPTIMIZATION_LEVEL = 0;
				GCC_PREPROCESSOR_DEFINITIONS = (
					"DEBUG=1",
					"$(inherited)",
				);
				GCC_WARN_64_TO_32_BIT_CONVERSION = YES;
				GCC_WARN_ABOUT_RETURN_TYPE = YES_ERROR;
				GCC_WARN_UNDECLARED_SELECTOR = YES;
				GCC_WARN_UNINITIALIZED_AUTOS = YES_AGGRESSIVE;
				GCC_WARN_UNUSED_FUNCTION = YES;
				GCC_WARN_UNUSED_VARIABLE = YES;
				IPHONEOS_DEPLOYMENT_TARGET = 16.4;
				MTL_ENABLE_DEBUG_INFO = INCLUDE_SOURCE;
				MTL_FAST_MATH = YES;
				ONLY_ACTIVE_ARCH = YES;
				SDKROOT = iphoneos;
				SWIFT_ACTIVE_COMPILATION_CONDITIONS = DEBUG;
				SWIFT_OPTIMIZATION_LEVEL = "-Onone";
			};
			name = Debug;
		};
		F69DE8FA2A56922C00B8B11E /* Release */ = {
			isa = XCBuildConfiguration;
			buildSettings = {
				ALWAYS_SEARCH_USER_PATHS = NO;
				CLANG_ANALYZER_NONNULL = YES;
				CLANG_ANALYZER_NUMBER_OBJECT_CONVERSION = YES_AGGRESSIVE;
				CLANG_CXX_LANGUAGE_STANDARD = "gnu++20";
				CLANG_ENABLE_MODULES = YES;
				CLANG_ENABLE_OBJC_ARC = YES;
				CLANG_ENABLE_OBJC_WEAK = YES;
				CLANG_WARN_BLOCK_CAPTURE_AUTORELEASING = YES;
				CLANG_WARN_BOOL_CONVERSION = YES;
				CLANG_WARN_COMMA = YES;
				CLANG_WARN_CONSTANT_CONVERSION = YES;
				CLANG_WARN_DEPRECATED_OBJC_IMPLEMENTATIONS = YES;
				CLANG_WARN_DIRECT_OBJC_ISA_USAGE = YES_ERROR;
				CLANG_WARN_DOCUMENTATION_COMMENTS = YES;
				CLANG_WARN_EMPTY_BODY = YES;
				CLANG_WARN_ENUM_CONVERSION = YES;
				CLANG_WARN_INFINITE_RECURSION = YES;
				CLANG_WARN_INT_CONVERSION = YES;
				CLANG_WARN_NON_LITERAL_NULL_CONVERSION = YES;
				CLANG_WARN_OBJC_IMPLICIT_RETAIN_SELF = YES;
				CLANG_WARN_OBJC_LITERAL_CONVERSION = YES;
				CLANG_WARN_OBJC_ROOT_CLASS = YES_ERROR;
				CLANG_WARN_QUOTED_INCLUDE_IN_FRAMEWORK_HEADER = YES;
				CLANG_WARN_RANGE_LOOP_ANALYSIS = YES;
				CLANG_WARN_STRICT_PROTOTYPES = YES;
				CLANG_WARN_SUSPICIOUS_MOVE = YES;
				CLANG_WARN_UNGUARDED_AVAILABILITY = YES_AGGRESSIVE;
				CLANG_WARN_UNREACHABLE_CODE = YES;
				CLANG_WARN__DUPLICATE_METHOD_MATCH = YES;
				COPY_PHASE_STRIP = NO;
				DEBUG_INFORMATION_FORMAT = "dwarf-with-dsym";
				ENABLE_NS_ASSERTIONS = NO;
				ENABLE_STRICT_OBJC_MSGSEND = YES;
				GCC_C_LANGUAGE_STANDARD = gnu11;
				GCC_NO_COMMON_BLOCKS = YES;
				GCC_WARN_64_TO_32_BIT_CONVERSION = YES;
				GCC_WARN_ABOUT_RETURN_TYPE = YES_ERROR;
				GCC_WARN_UNDECLARED_SELECTOR = YES;
				GCC_WARN_UNINITIALIZED_AUTOS = YES_AGGRESSIVE;
				GCC_WARN_UNUSED_FUNCTION = YES;
				GCC_WARN_UNUSED_VARIABLE = YES;
				IPHONEOS_DEPLOYMENT_TARGET = 16.4;
				MTL_ENABLE_DEBUG_INFO = NO;
				MTL_FAST_MATH = YES;
				SDKROOT = iphoneos;
				SWIFT_COMPILATION_MODE = wholemodule;
				SWIFT_OPTIMIZATION_LEVEL = "-O";
				VALIDATE_PRODUCT = YES;
			};
			name = Release;
		};
		F69DE8FC2A56922C00B8B11E /* Debug */ = {
			isa = XCBuildConfiguration;
			buildSettings = {
				ASSETCATALOG_COMPILER_APPICON_NAME = AppIcon;
				ASSETCATALOG_COMPILER_GLOBAL_ACCENT_COLOR_NAME = AccentColor;
				CODE_SIGN_STYLE = Automatic;
				CURRENT_PROJECT_VERSION = 1;
				GENERATE_INFOPLIST_FILE = YES;
				INFOPLIST_FILE = SimpleUnsplashClient/Info.plist;
				INFOPLIST_KEY_UIApplicationSupportsIndirectInputEvents = YES;
				INFOPLIST_KEY_UILaunchStoryboardName = LaunchScreen;
				INFOPLIST_KEY_UIMainStoryboardFile = Main;
				INFOPLIST_KEY_UISupportedInterfaceOrientations_iPad = "UIInterfaceOrientationPortrait UIInterfaceOrientationPortraitUpsideDown UIInterfaceOrientationLandscapeLeft UIInterfaceOrientationLandscapeRight";
				INFOPLIST_KEY_UISupportedInterfaceOrientations_iPhone = "UIInterfaceOrientationPortrait UIInterfaceOrientationLandscapeLeft UIInterfaceOrientationLandscapeRight";
				LD_RUNPATH_SEARCH_PATHS = (
					"$(inherited)",
					"@executable_path/Frameworks",
				);
				MARKETING_VERSION = 1.0;
				PRODUCT_BUNDLE_IDENTIFIER = SergeyNikiforov.SimpleUnsplashClient;
				PRODUCT_NAME = "$(TARGET_NAME)";
				SWIFT_EMIT_LOC_STRINGS = YES;
				SWIFT_VERSION = 5.0;
				TARGETED_DEVICE_FAMILY = "1,2";
			};
			name = Debug;
		};
		F69DE8FD2A56922C00B8B11E /* Release */ = {
			isa = XCBuildConfiguration;
			buildSettings = {
				ASSETCATALOG_COMPILER_APPICON_NAME = AppIcon;
				ASSETCATALOG_COMPILER_GLOBAL_ACCENT_COLOR_NAME = AccentColor;
				CODE_SIGN_STYLE = Automatic;
				CURRENT_PROJECT_VERSION = 1;
				DEVELOPMENT_TEAM = U33N4RMS49;
				GENERATE_INFOPLIST_FILE = YES;
				INFOPLIST_FILE = SimpleUnsplashClient/Info.plist;
				INFOPLIST_KEY_UIApplicationSupportsIndirectInputEvents = YES;
				INFOPLIST_KEY_UILaunchStoryboardName = LaunchScreen;
				INFOPLIST_KEY_UIMainStoryboardFile = Main;
				INFOPLIST_KEY_UISupportedInterfaceOrientations_iPad = "UIInterfaceOrientationPortrait UIInterfaceOrientationPortraitUpsideDown UIInterfaceOrientationLandscapeLeft UIInterfaceOrientationLandscapeRight";
				INFOPLIST_KEY_UISupportedInterfaceOrientations_iPhone = "UIInterfaceOrientationPortrait UIInterfaceOrientationLandscapeLeft UIInterfaceOrientationLandscapeRight";
				LD_RUNPATH_SEARCH_PATHS = (
					"$(inherited)",
					"@executable_path/Frameworks",
				);
				MARKETING_VERSION = 1.0;
				PRODUCT_BUNDLE_IDENTIFIER = SergeyNikiforov.SimpleUnsplashClient;
				PRODUCT_NAME = "$(TARGET_NAME)";
				SWIFT_EMIT_LOC_STRINGS = YES;
				SWIFT_VERSION = 5.0;
				TARGETED_DEVICE_FAMILY = "1,2";
			};
			name = Release;
		};
/* End XCBuildConfiguration section */

/* Begin XCConfigurationList section */
		F69DE8E22A56922A00B8B11E /* Build configuration list for PBXProject "SimpleUnsplashClient" */ = {
			isa = XCConfigurationList;
			buildConfigurations = (
				F69DE8F92A56922C00B8B11E /* Debug */,
				F69DE8FA2A56922C00B8B11E /* Release */,
			);
			defaultConfigurationIsVisible = 0;
			defaultConfigurationName = Release;
		};
		F69DE8FB2A56922C00B8B11E /* Build configuration list for PBXNativeTarget "SimpleUnsplashClient" */ = {
			isa = XCConfigurationList;
			buildConfigurations = (
				F69DE8FC2A56922C00B8B11E /* Debug */,
				F69DE8FD2A56922C00B8B11E /* Release */,
			);
			defaultConfigurationIsVisible = 0;
			defaultConfigurationName = Release;
		};
/* End XCConfigurationList section */
	};
	rootObject = F69DE8DF2A56922A00B8B11E /* Project object */;
}
